
Microsoft Visual Studio Solution File, Format Version 12.00
# Visual Studio Version 17
VisualStudioVersion = 17.8.34525.116
MinimumVisualStudioVersion = 10.0.40219.1
Project("{FAE04EC0-301F-11D3-BF4B-00C04F79EFBC}") = "GaleShapleyLib", "GaleShapleyLib\GaleShapleyLib.csproj", "{E9453530-0E96-45F6-8169-FCE573D495DC}"
EndProject
Project("{FAE04EC0-301F-11D3-BF4B-00C04F79EFBC}") = "GaleShapleyLib.UnitTest", "GaleShapleyLib.UnitTest\GaleShapleyLib.UnitTest.csproj", "{C5665B0D-FE4B-4041-9FA6-1774FAC01AA8}"
EndProject
Global
	GlobalSection(SolutionConfigurationPlatforms) = preSolution
		Debug|Any CPU = Debug|Any CPU
		Release|Any CPU = Release|Any CPU
	EndGlobalSection
	GlobalSection(ProjectConfigurationPlatforms) = postSolution
		{E9453530-0E96-45F6-8169-FCE573D495DC}.Debug|Any CPU.ActiveCfg = Debug|Any CPU
		{E9453530-0E96-45F6-8169-FCE573D495DC}.Debug|Any CPU.Build.0 = Debug|Any CPU
		{E9453530-0E96-45F6-8169-FCE573D495DC}.Release|Any CPU.ActiveCfg = Release|Any CPU
		{E9453530-0E96-45F6-8169-FCE573D495DC}.Release|Any CPU.Build.0 = Release|Any CPU
		{C5665B0D-FE4B-4041-9FA6-1774FAC01AA8}.Debug|Any CPU.ActiveCfg = Debug|Any CPU
		{C5665B0D-FE4B-4041-9FA6-1774FAC01AA8}.Debug|Any CPU.Build.0 = Debug|Any CPU
		{C5665B0D-FE4B-4041-9FA6-1774FAC01AA8}.Release|Any CPU.ActiveCfg = Release|Any CPU
		{C5665B0D-FE4B-4041-9FA6-1774FAC01AA8}.Release|Any CPU.Build.0 = Release|Any CPU
	EndGlobalSection
	GlobalSection(SolutionProperties) = preSolution
		HideSolutionNode = FALSE
	EndGlobalSection
	GlobalSection(ExtensibilityGlobals) = postSolution
		SolutionGuid = {1365ECF6-EFFD-412D-B696-DCA0CA0AFB1A}
	EndGlobalSection
EndGlobal
